// !$*UTF8*$!
{
	archiveVersion = 1;
	classes = {
	};
	objectVersion = 46;
	objects = {

/* Begin PBXBuildFile section */
		67666243AA46F8B999540D9A /* Pods_RAC_1_1.framework in Frameworks */ = {isa = PBXBuildFile; fileRef = 608318B50F0BA4512AB4C09E /* Pods_RAC_1_1.framework */; };
		B0E794AD1D9429140041B6BD /* main.m in Sources */ = {isa = PBXBuildFile; fileRef = B0E794AC1D9429140041B6BD /* main.m */; };
		B0E794B01D9429140041B6BD /* AppDelegate.m in Sources */ = {isa = PBXBuildFile; fileRef = B0E794AF1D9429140041B6BD /* AppDelegate.m */; };
		B0E794B31D9429140041B6BD /* ViewController.m in Sources */ = {isa = PBXBuildFile; fileRef = B0E794B21D9429140041B6BD /* ViewController.m */; };
		B0E794B61D9429140041B6BD /* Main.storyboard in Resources */ = {isa = PBXBuildFile; fileRef = B0E794B41D9429140041B6BD /* Main.storyboard */; };
		B0E794B81D9429140041B6BD /* Assets.xcassets in Resources */ = {isa = PBXBuildFile; fileRef = B0E794B71D9429140041B6BD /* Assets.xcassets */; };
		B0E794BB1D9429140041B6BD /* LaunchScreen.storyboard in Resources */ = {isa = PBXBuildFile; fileRef = B0E794B91D9429140041B6BD /* LaunchScreen.storyboard */; };
/* End PBXBuildFile section */

/* Begin PBXFileReference section */
		3771A6751D9FCA0200FFE6F3 /* RAC_1-1.pch */ = {isa = PBXFileReference; fileEncoding = 4; lastKnownFileType = sourcecode.c.h; path = "RAC_1-1.pch"; sourceTree = "<group>"; };
		608318B50F0BA4512AB4C09E /* Pods_RAC_1_1.framework */ = {isa = PBXFileReference; explicitFileType = wrapper.framework; includeInIndex = 0; path = Pods_RAC_1_1.framework; sourceTree = BUILT_PRODUCTS_DIR; };
		725F2A610BE6A286B655D046 /* Pods-RAC_1-1.debug.xcconfig */ = {isa = PBXFileReference; includeInIndex = 1; lastKnownFileType = text.xcconfig; name = "Pods-RAC_1-1.debug.xcconfig"; path = "Pods/Target Support Files/Pods-RAC_1-1/Pods-RAC_1-1.debug.xcconfig"; sourceTree = "<group>"; };
		89713EF69EAD378D7CD3696A /* Pods-RAC_1-1.release.xcconfig */ = {isa = PBXFileReference; includeInIndex = 1; lastKnownFileType = text.xcconfig; name = "Pods-RAC_1-1.release.xcconfig"; path = "Pods/Target Support Files/Pods-RAC_1-1/Pods-RAC_1-1.release.xcconfig"; sourceTree = "<group>"; };
		B0E794A81D9429140041B6BD /* RAC_1-1.app */ = {isa = PBXFileReference; explicitFileType = wrapper.application; includeInIndex = 0; path = "RAC_1-1.app"; sourceTree = BUILT_PRODUCTS_DIR; };
		B0E794AC1D9429140041B6BD /* main.m */ = {isa = PBXFileReference; lastKnownFileType = sourcecode.c.objc; path = main.m; sourceTree = "<group>"; };
		B0E794AE1D9429140041B6BD /* AppDelegate.h */ = {isa = PBXFileReference; lastKnownFileType = sourcecode.c.h; path = AppDelegate.h; sourceTree = "<group>"; };
		B0E794AF1D9429140041B6BD /* AppDelegate.m */ = {isa = PBXFileReference; lastKnownFileType = sourcecode.c.objc; path = AppDelegate.m; sourceTree = "<group>"; };
		B0E794B11D9429140041B6BD /* ViewController.h */ = {isa = PBXFileReference; lastKnownFileType = sourcecode.c.h; path = ViewController.h; sourceTree = "<group>"; };
		B0E794B21D9429140041B6BD /* ViewController.m */ = {isa = PBXFileReference; lastKnownFileType = sourcecode.c.objc; path = ViewController.m; sourceTree = "<group>"; };
		B0E794B51D9429140041B6BD /* Base */ = {isa = PBXFileReference; lastKnownFileType = file.storyboard; name = Base; path = Base.lproj/Main.storyboard; sourceTree = "<group>"; };
		B0E794B71D9429140041B6BD /* Assets.xcassets */ = {isa = PBXFileReference; lastKnownFileType = folder.assetcatalog; path = Assets.xcassets; sourceTree = "<group>"; };
		B0E794BA1D9429140041B6BD /* Base */ = {isa = PBXFileReference; lastKnownFileType = file.storyboard; name = Base; path = Base.lproj/LaunchScreen.storyboard; sourceTree = "<group>"; };
		B0E794BC1D9429140041B6BD /* Info.plist */ = {isa = PBXFileReference; lastKnownFileType = text.plist.xml; path = Info.plist; sourceTree = "<group>"; };
/* End PBXFileReference section */

/* Begin PBXFrameworksBuildPhase section */
		B0E794A51D9429140041B6BD /* Frameworks */ = {
			isa = PBXFrameworksBuildPhase;
			buildActionMask = 2147483647;
			files = (
				67666243AA46F8B999540D9A /* Pods_RAC_1_1.framework in Frameworks */,
			);
			runOnlyForDeploymentPostprocessing = 0;
		};
/* End PBXFrameworksBuildPhase section */

/* Begin PBXGroup section */
		A864D58408DB6E17DBD6561E /* Frameworks */ = {
			isa = PBXGroup;
			children = (
				608318B50F0BA4512AB4C09E /* Pods_RAC_1_1.framework */,
			);
			name = Frameworks;
			sourceTree = "<group>";
		};
		B0E7949F1D9429140041B6BD = {
			isa = PBXGroup;
			children = (
				B0E794AA1D9429140041B6BD /* RAC_1-1 */,
				B0E794A91D9429140041B6BD /* Products */,
				C031376BCE5F9EFF4DF55709 /* Pods */,
				A864D58408DB6E17DBD6561E /* Frameworks */,
			);
			sourceTree = "<group>";
		};
		B0E794A91D9429140041B6BD /* Products */ = {
			isa = PBXGroup;
			children = (
				B0E794A81D9429140041B6BD /* RAC_1-1.app */,
			);
			name = Products;
			sourceTree = "<group>";
		};
		B0E794AA1D9429140041B6BD /* RAC_1-1 */ = {
			isa = PBXGroup;
			children = (
				B0E794AE1D9429140041B6BD /* AppDelegate.h */,
				B0E794AF1D9429140041B6BD /* AppDelegate.m */,
				B0E794B11D9429140041B6BD /* ViewController.h */,
				B0E794B21D9429140041B6BD /* ViewController.m */,
				B0E794B41D9429140041B6BD /* Main.storyboard */,
				B0E794B71D9429140041B6BD /* Assets.xcassets */,
				B0E794B91D9429140041B6BD /* LaunchScreen.storyboard */,
				B0E794BC1D9429140041B6BD /* Info.plist */,
				B0E794AB1D9429140041B6BD /* Supporting Files */,
			);
			path = "RAC_1-1";
			sourceTree = "<group>";
		};
		B0E794AB1D9429140041B6BD /* Supporting Files */ = {
			isa = PBXGroup;
			children = (
				B0E794AC1D9429140041B6BD /* main.m */,
				3771A6751D9FCA0200FFE6F3 /* RAC_1-1.pch */,
			);
			name = "Supporting Files";
			sourceTree = "<group>";
		};
		C031376BCE5F9EFF4DF55709 /* Pods */ = {
			isa = PBXGroup;
			children = (
				725F2A610BE6A286B655D046 /* Pods-RAC_1-1.debug.xcconfig */,
				89713EF69EAD378D7CD3696A /* Pods-RAC_1-1.release.xcconfig */,
			);
			name = Pods;
			sourceTree = "<group>";
		};
/* End PBXGroup section */

/* Begin PBXNativeTarget section */
		B0E794A71D9429140041B6BD /* RAC_1-1 */ = {
			isa = PBXNativeTarget;
			buildConfigurationList = B0E794BF1D9429140041B6BD /* Build configuration list for PBXNativeTarget "RAC_1-1" */;
			buildPhases = (
				670695AF3331CFB75D9AD88D /* 📦 Check Pods Manifest.lock */,
				E7AA6006D18B7517388486D6 /* [CP] Check Pods Manifest.lock */,
				B0E794A41D9429140041B6BD /* Sources */,
				B0E794A51D9429140041B6BD /* Frameworks */,
				B0E794A61D9429140041B6BD /* Resources */,
				DE7270B37ABB64F11604900E /* [CP] Embed Pods Frameworks */,
				883B0F08FFDD6D7027E13AFB /* [CP] Copy Pods Resources */,
				C3A05511EA4358E48C6F7775 /* 📦 Embed Pods Frameworks */,
				448F01D06FCB2826EA829223 /* 📦 Copy Pods Resources */,
			);
			buildRules = (
			);
			dependencies = (
			);
			name = "RAC_1-1";
			productName = "RAC_1-1";
			productReference = B0E794A81D9429140041B6BD /* RAC_1-1.app */;
			productType = "com.apple.product-type.application";
		};
/* End PBXNativeTarget section */

/* Begin PBXProject section */
		B0E794A01D9429140041B6BD /* Project object */ = {
			isa = PBXProject;
			attributes = {
				LastUpgradeCheck = 0720;
				ORGANIZATIONNAME = "可可";
				TargetAttributes = {
					B0E794A71D9429140041B6BD = {
						CreatedOnToolsVersion = 7.2;
						DevelopmentTeam = 5CW9655WUX;
						LastSwiftMigration = 0800;
					};
				};
			};
			buildConfigurationList = B0E794A31D9429140041B6BD /* Build configuration list for PBXProject "RAC_1-1" */;
			compatibilityVersion = "Xcode 3.2";
			developmentRegion = English;
			hasScannedForEncodings = 0;
			knownRegions = (
				en,
				Base,
			);
			mainGroup = B0E7949F1D9429140041B6BD;
			productRefGroup = B0E794A91D9429140041B6BD /* Products */;
			projectDirPath = "";
			projectRoot = "";
			targets = (
				B0E794A71D9429140041B6BD /* RAC_1-1 */,
			);
		};
/* End PBXProject section */

/* Begin PBXResourcesBuildPhase section */
		B0E794A61D9429140041B6BD /* Resources */ = {
			isa = PBXResourcesBuildPhase;
			buildActionMask = 2147483647;
			files = (
				B0E794BB1D9429140041B6BD /* LaunchScreen.storyboard in Resources */,
				B0E794B81D9429140041B6BD /* Assets.xcassets in Resources */,
				B0E794B61D9429140041B6BD /* Main.storyboard in Resources */,
			);
			runOnlyForDeploymentPostprocessing = 0;
		};
/* End PBXResourcesBuildPhase section */

/* Begin PBXShellScriptBuildPhase section */
		448F01D06FCB2826EA829223 /* 📦 Copy Pods Resources */ = {
			isa = PBXShellScriptBuildPhase;
			buildActionMask = 2147483647;
			files = (
			);
			inputPaths = (
			);
			name = "📦 Copy Pods Resources";
			outputPaths = (
			);
			runOnlyForDeploymentPostprocessing = 0;
			shellPath = /bin/sh;
			shellScript = "\"${SRCROOT}/Pods/Target Support Files/Pods-RAC_1-1/Pods-RAC_1-1-resources.sh\"\n";
			showEnvVarsInLog = 0;
		};
		670695AF3331CFB75D9AD88D /* 📦 Check Pods Manifest.lock */ = {
			isa = PBXShellScriptBuildPhase;
			buildActionMask = 2147483647;
			files = (
			);
			inputPaths = (
			);
			name = "📦 Check Pods Manifest.lock";
			outputPaths = (
			);
			runOnlyForDeploymentPostprocessing = 0;
			shellPath = /bin/sh;
			shellScript = "diff \"${PODS_ROOT}/../Podfile.lock\" \"${PODS_ROOT}/Manifest.lock\" > /dev/null\nif [[ $? != 0 ]] ; then\n    cat << EOM\nerror: The sandbox is not in sync with the Podfile.lock. Run 'pod install' or update your CocoaPods installation.\nEOM\n    exit 1\nfi\n";
			showEnvVarsInLog = 0;
		};
		883B0F08FFDD6D7027E13AFB /* [CP] Copy Pods Resources */ = {
			isa = PBXShellScriptBuildPhase;
			buildActionMask = 2147483647;
			files = (
			);
			inputPaths = (
			);
			name = "[CP] Copy Pods Resources";
			outputPaths = (
			);
			runOnlyForDeploymentPostprocessing = 0;
			shellPath = /bin/sh;
			shellScript = "\"${SRCROOT}/Pods/Target Support Files/Pods-RAC_1-1/Pods-RAC_1-1-resources.sh\"\n";
			showEnvVarsInLog = 0;
		};
		C3A05511EA4358E48C6F7775 /* 📦 Embed Pods Frameworks */ = {
			isa = PBXShellScriptBuildPhase;
			buildActionMask = 2147483647;
			files = (
			);
			inputPaths = (
			);
			name = "📦 Embed Pods Frameworks";
			outputPaths = (
			);
			runOnlyForDeploymentPostprocessing = 0;
			shellPath = /bin/sh;
			shellScript = "\"${SRCROOT}/Pods/Target Support Files/Pods-RAC_1-1/Pods-RAC_1-1-frameworks.sh\"\n";
			showEnvVarsInLog = 0;
		};
		DE7270B37ABB64F11604900E /* [CP] Embed Pods Frameworks */ = {
			isa = PBXShellScriptBuildPhase;
			buildActionMask = 2147483647;
			files = (
			);
			inputPaths = (
			);
			name = "[CP] Embed Pods Frameworks";
			outputPaths = (
			);
			runOnlyForDeploymentPostprocessing = 0;
			shellPath = /bin/sh;
			shellScript = "\"${SRCROOT}/Pods/Target Support Files/Pods-RAC_1-1/Pods-RAC_1-1-frameworks.sh\"\n";
			showEnvVarsInLog = 0;
		};
		E7AA6006D18B7517388486D6 /* [CP] Check Pods Manifest.lock */ = {
			isa = PBXShellScriptBuildPhase;
			buildActionMask = 2147483647;
			files = (
			);
			inputPaths = (
			);
			name = "[CP] Check Pods Manifest.lock";
			outputPaths = (
			);
			runOnlyForDeploymentPostprocessing = 0;
			shellPath = /bin/sh;
			shellScript = "diff \"${PODS_ROOT}/../Podfile.lock\" \"${PODS_ROOT}/Manifest.lock\" > /dev/null\nif [ $? != 0 ] ; then\n    # print error to STDERR\n    echo \"error: The sandbox is not in sync with the Podfile.lock. Run 'pod install' or update your CocoaPods installation.\" >&2\n    exit 1\nfi\n";
			showEnvVarsInLog = 0;
		};
/* End PBXShellScriptBuildPhase section */

/* Begin PBXSourcesBuildPhase section */
		B0E794A41D9429140041B6BD /* Sources */ = {
			isa = PBXSourcesBuildPhase;
			buildActionMask = 2147483647;
			files = (
				B0E794B31D9429140041B6BD /* ViewController.m in Sources */,
				B0E794B01D9429140041B6BD /* AppDelegate.m in Sources */,
				B0E794AD1D9429140041B6BD /* main.m in Sources */,
			);
			runOnlyForDeploymentPostprocessing = 0;
		};
/* End PBXSourcesBuildPhase section */

/* Begin PBXVariantGroup section */
		B0E794B41D9429140041B6BD /* Main.storyboard */ = {
			isa = PBXVariantGroup;
			children = (
				B0E794B51D9429140041B6BD /* Base */,
			);
			name = Main.storyboard;
			sourceTree = "<group>";
		};
		B0E794B91D9429140041B6BD /* LaunchScreen.storyboard */ = {
			isa = PBXVariantGroup;
			children = (
				B0E794BA1D9429140041B6BD /* Base */,
			);
			name = LaunchScreen.storyboard;
			sourceTree = "<group>";
		};
/* End PBXVariantGroup section */

/* Begin XCBuildConfiguration section */
		B0E794BD1D9429140041B6BD /* Debug */ = {
			isa = XCBuildConfiguration;
			buildSettings = {
				ALWAYS_SEARCH_USER_PATHS = NO;
				CLANG_CXX_LANGUAGE_STANDARD = "gnu++0x";
				CLANG_CXX_LIBRARY = "libc++";
				CLANG_ENABLE_MODULES = YES;
				CLANG_ENABLE_OBJC_ARC = YES;
				CLANG_WARN_BOOL_CONVERSION = YES;
				CLANG_WARN_CONSTANT_CONVERSION = YES;
				CLANG_WARN_DIRECT_OBJC_ISA_USAGE = YES_ERROR;
				CLANG_WARN_EMPTY_BODY = YES;
				CLANG_WARN_ENUM_CONVERSION = YES;
				CLANG_WARN_INT_CONVERSION = YES;
				CLANG_WARN_OBJC_ROOT_CLASS = YES_ERROR;
				CLANG_WARN_UNREACHABLE_CODE = YES;
				CLANG_WARN__DUPLICATE_METHOD_MATCH = YES;
				"CODE_SIGN_IDENTITY[sdk=iphoneos*]" = "iPhone Developer";
				COPY_PHASE_STRIP = NO;
				DEBUG_INFORMATION_FORMAT = dwarf;
				ENABLE_STRICT_OBJC_MSGSEND = YES;
				ENABLE_TESTABILITY = YES;
				GCC_C_LANGUAGE_STANDARD = gnu99;
				GCC_DYNAMIC_NO_PIC = NO;
				GCC_NO_COMMON_BLOCKS = YES;
				GCC_OPTIMIZATION_LEVEL = 0;
				GCC_PREPROCESSOR_DEFINITIONS = (
					"DEBUG=1",
					"$(inherited)",
				);
				GCC_WARN_64_TO_32_BIT_CONVERSION = YES;
				GCC_WARN_ABOUT_RETURN_TYPE = YES_ERROR;
				GCC_WARN_UNDECLARED_SELECTOR = YES;
				GCC_WARN_UNINITIALIZED_AUTOS = YES_AGGRESSIVE;
				GCC_WARN_UNUSED_FUNCTION = YES;
				GCC_WARN_UNUSED_VARIABLE = YES;
				IPHONEOS_DEPLOYMENT_TARGET = 9.2;
				MTL_ENABLE_DEBUG_INFO = YES;
				ONLY_ACTIVE_ARCH = YES;
				SDKROOT = iphoneos;
				TARGETED_DEVICE_FAMILY = "1,2";
			};
			name = Debug;
		};
		B0E794BE1D9429140041B6BD /* Release */ = {
			isa = XCBuildConfiguration;
			buildSettings = {
				ALWAYS_SEARCH_USER_PATHS = NO;
				CLANG_CXX_LANGUAGE_STANDARD = "gnu++0x";
				CLANG_CXX_LIBRARY = "libc++";
				CLANG_ENABLE_MODULES = YES;
				CLANG_ENABLE_OBJC_ARC = YES;
				CLANG_WARN_BOOL_CONVERSION = YES;
				CLANG_WARN_CONSTANT_CONVERSION = YES;
				CLANG_WARN_DIRECT_OBJC_ISA_USAGE = YES_ERROR;
				CLANG_WARN_EMPTY_BODY = YES;
				CLANG_WARN_ENUM_CONVERSION = YES;
				CLANG_WARN_INT_CONVERSION = YES;
				CLANG_WARN_OBJC_ROOT_CLASS = YES_ERROR;
				CLANG_WARN_UNREACHABLE_CODE = YES;
				CLANG_WARN__DUPLICATE_METHOD_MATCH = YES;
				"CODE_SIGN_IDENTITY[sdk=iphoneos*]" = "iPhone Developer";
				COPY_PHASE_STRIP = NO;
				DEBUG_INFORMATION_FORMAT = "dwarf-with-dsym";
				ENABLE_NS_ASSERTIONS = NO;
				ENABLE_STRICT_OBJC_MSGSEND = YES;
				GCC_C_LANGUAGE_STANDARD = gnu99;
				GCC_NO_COMMON_BLOCKS = YES;
				GCC_WARN_64_TO_32_BIT_CONVERSION = YES;
				GCC_WARN_ABOUT_RETURN_TYPE = YES_ERROR;
				GCC_WARN_UNDECLARED_SELECTOR = YES;
				GCC_WARN_UNINITIALIZED_AUTOS = YES_AGGRESSIVE;
				GCC_WARN_UNUSED_FUNCTION = YES;
				GCC_WARN_UNUSED_VARIABLE = YES;
				IPHONEOS_DEPLOYMENT_TARGET = 9.2;
				MTL_ENABLE_DEBUG_INFO = NO;
				SDKROOT = iphoneos;
				TARGETED_DEVICE_FAMILY = "1,2";
				VALIDATE_PRODUCT = YES;
			};
			name = Release;
		};
		B0E794C01D9429140041B6BD /* Debug */ = {
			isa = XCBuildConfiguration;
			baseConfigurationReference = 725F2A610BE6A286B655D046 /* Pods-RAC_1-1.debug.xcconfig */;
			buildSettings = {
				ASSETCATALOG_COMPILER_APPICON_NAME = AppIcon;
				GCC_PREFIX_HEADER = "$(SRCROOT)/RAC_1-1/RAC_1-1.pch";
				INFOPLIST_FILE = "RAC_1-1/Info.plist";
				LD_RUNPATH_SEARCH_PATHS = "$(inherited) @executable_path/Frameworks";
				PRODUCT_BUNDLE_IDENTIFIER = "com.--.RAC-1-1";
				PRODUCT_NAME = "$(TARGET_NAME)";
				SWIFT_VERSION = 3.0;
			};
			name = Debug;
		};
		B0E794C11D9429140041B6BD /* Release */ = {
			isa = XCBuildConfiguration;
			baseConfigurationReference = 89713EF69EAD378D7CD3696A /* Pods-RAC_1-1.release.xcconfig */;
			buildSettings = {
				ASSETCATALOG_COMPILER_APPICON_NAME = AppIcon;
				GCC_PREFIX_HEADER = "$(SRCROOT)/RAC_1-1/RAC_1-1.pch";
				INFOPLIST_FILE = "RAC_1-1/Info.plist";
				LD_RUNPATH_SEARCH_PATHS = "$(inherited) @executable_path/Frameworks";
				PRODUCT_BUNDLE_IDENTIFIER = "com.--.RAC-1-1";
				PRODUCT_NAME = "$(TARGET_NAME)";
				SWIFT_VERSION = 3.0;
			};
			name = Release;
		};
/* End XCBuildConfiguration section */

/* Begin XCConfigurationList section */
		B0E794A31D9429140041B6BD /* Build configuration list for PBXProject "RAC_1-1" */ = {
			isa = XCConfigurationList;
			buildConfigurations = (
				B0E794BD1D9429140041B6BD /* Debug */,
				B0E794BE1D9429140041B6BD /* Release */,
			);
			defaultConfigurationIsVisible = 0;
			defaultConfigurationName = Release;
		};
		B0E794BF1D9429140041B6BD /* Build configuration list for PBXNativeTarget "RAC_1-1" */ = {
			isa = XCConfigurationList;
			buildConfigurations = (
				B0E794C01D9429140041B6BD /* Debug */,
				B0E794C11D9429140041B6BD /* Release */,
			);
			defaultConfigurationIsVisible = 0;
			defaultConfigurationName = Release;
		};
/* End XCConfigurationList section */
	};
	rootObject = B0E794A01D9429140041B6BD /* Project object */;
}
